cloud.google.com/go v0.34.0/go.mod h1:aQUYkXzVsufM+DwF1aE+0xfcU+56JwCaLick0ClmMTw=
github.com/PuerkitoBio/goquery v1.5.0 h1:uGvmFXOA73IKluu/F84Xd1tt/z07GYm8X49XKHP7EJk=
github.com/PuerkitoBio/goquery v1.5.0/go.mod h1:qD2PgZ9lccMbQlc7eEOjaeRlFQON7xY8kdmcsrnKqMg=
github.com/Unknwon/goconfig v0.0.0-20190425194916-3dba17dd7b9e h1:ZaFHdRwv6wJQMYsg5qITIsqWRqZRvUETiq0xxrl+8fc=
github.com/Unknwon/goconfig v0.0.0-20190425194916-3dba17dd7b9e/go.mod h1:wngxua9XCNjvHjDiTiV26DaKDT+0c63QR6H5hjVUUxw=
github.com/adamzy/cedar-go v0.0.0-20170805034717-80a9c64b256d h1:ir/IFJU5xbja5UaBEQLjcvn7aAU01nqU/NUyOBEU+ew=
github.com/adamzy/cedar-go v0.0.0-20170805034717-80a9c64b256d/go.mod h1:PRWNwWq0yifz6XDPZu48aSld8BWwBfr2JKB2bGWiEd4=
github.com/andybalholm/cascadia v1.0.0 h1:hOCXnnZ5A+3eVDX8pvgl4kofXv2ELss0bKcqRySc45o=
github.com/andybalholm/cascadia v1.0.0/go.mod h1:GsXiBklL0woXo1j/WYWtSYYC4ouU9PqHO0sqidkEA4Y=
github.com/cockroachdb/apd v1.1.0/go.mod h1:8Sl8LxpKi29FqWXR16WEFZRNSz3SoPzUzeMeY4+DwBQ=
github.com/davecgh/go-spew v1.1.1 h1:vj9j/u1bqnvCEfJOwUhtlOARqs3+rkHYY13jYWTU97c=
github.com/davecgh/go-spew v1.1.1/go.mod h1:J7Y8YcW2NihsgmVo/mv3lAwl/skON4iLHjSsI+c5H38=
github.com/dchest/captcha v0.0.0-20170622155422-6a29415a8364 h1:U+BMqUt8LFgyrF0/NKgPZdr1sGZ3j6uBECpOGcISpFI=
github.com/dchest/captcha v0.0.0-20170622155422-6a29415a8364/go.mod h1:QGrK8vMWWHQYQ3QU9bw9Y9OPNfxccGzfb41qjvVeXtY=
github.com/denisenkom/go-mssqldb v0.0.0-20181014144952-4e0d7dc8888f/go.mod h1:xN/JuLBIz4bjkxNmByTiV1IbhfnYb6oo99phBn4Eqhc=
github.com/fatih/structs v1.1.0 h1:Q7juDM0QtcnhCpeyLGQKyg4TOIghuNXrkL32pHAUMxo=
github.com/fatih/structs v1.1.0/go.mod h1:9NiDSp5zOcgEDl+j00MP/WkGVPOlPRLejGD8Ga6PJ7M=
github.com/garyburd/redigo v1.6.0 h1:0VruCpn7yAIIu7pWVClQC8wxCJEcG3nyzpMSHKi1PQc=
github.com/garyburd/redigo v1.6.0/go.mod h1:NR3MbYisc3/PwhQ00EMzDiPmrwpPxAn5GI05/YaO1SY=
github.com/go-sql-driver/mysql v1.4.0/go.mod h1:zAC/RDZ24gD3HViQzih4MyKcchzm+sOG5ZlKdlhCg5w=
github.com/go-sql-driver/mysql v1.4.1 h1:g24URVg0OFbNUTx9qqY1IRZ9D9z3iPyi5zKhQZpNwpA=
github.com/go-sql-driver/mysql v1.4.1/go.mod h1:zAC/RDZ24gD3HViQzih4MyKcchzm+sOG5ZlKdlhCg5w=
github.com/go-validator/validator v0.0.0-20180514200540-135c24b11c19 h1:+213K32fC1Ki8tIa4n3bsI2GyhSxYo5+Ru8rBgBJsi4=
github.com/go-validator/validator v0.0.0-20180514200540-135c24b11c19/go.mod h1:Z6CPSxOS2fR8d1fAFPKiF/q3d7pRDmLowc7I1l0f4Oc=
github.com/go-xorm/builder v0.3.2 h1:pSsZQRRzJNapKEAEhigw3xLmiLPeAYv5GFlpYZ8+a5I=
github.com/go-xorm/builder v0.3.2/go.mod h1:v8mE3MFBgtL+RGFNfUnAMUqqfk/Y4W5KuwCFQIEpQLk=
github.com/go-xorm/core v0.6.0/go.mod h1:d8FJ9Br8OGyQl12MCclmYBuBqqxsyeedpXciV5Myih8=
github.com/go-xorm/core v0.6.2 h1:EJLcSxf336POJr670wKB55Mah9f93xzvGYzNRgnT8/Y=
github.com/go-xorm/core v0.6.2/go.mod h1:bwPIfLdm/FzWgVUH8WPVlr+uJhscvNGFcaZKXsI3n2c=
github.com/go-xorm/sqlfiddle v0.0.0-20180821085327-62ce714f951a/go.mod h1:56xuuqnHyryaerycW3BfssRdxQstACi0Epw/yC5E2xM=
github.com/go-xorm/xorm v0.7.1 h1:Kj7mfuqctPdX60zuxP6EoEut0f3E6K66H6hcoxiHUMc=
github.com/go-xorm/xorm v0.7.1/go.mod h1:EHS1htMQFptzMaIHKyzqpHGw6C9Rtug75nsq6DA9unI=
github.com/golang/groupcache v0.0.0-20190129154638-5b532d6fd5ef h1:veQD95Isof8w9/WXiA+pa3tz3fJXkt5B7QaRBrM62gk=
github.com/golang/groupcache v0.0.0-20190129154638-5b532d6fd5ef/go.mod h1:cIg4eruTrX1D+g88fzRXU5OdNfaM+9IcxsU14FzY7Hc=
github.com/golang/protobuf v1.2.0/go.mod h1:6lQm79b+lXiMfvg/cZm0SGofjICqVBUtrP5yJMmIC1U=
github.com/gorilla/context v1.1.1 h1:AWwleXJkX/nhcU9bZSnZoi3h/qGYqQAGhq6zZe/aQW8=
github.com/gorilla/context v1.1.1/go.mod h1:kBGZzfjB9CEq2AlWe17Uuf7NDRt0dE0s8S51q0aT7Yg=
github.com/gorilla/feeds v1.1.0 h1:pcgLJhbdYgaUESnj3AmXPcB7cS3vy63+jC/TI14AGXk=
github.com/gorilla/feeds v1.1.0/go.mod h1:Nk0jZrvPFZX1OBe5NPiddPw7CfwF6Q9eqzaBbaightA=
github.com/gorilla/schema v1.1.0 h1:CamqUDOFUBqzrvxuz2vEwo8+SUdwsluFh7IlzJh30LY=
github.com/gorilla/schema v1.1.0/go.mod h1:kgLaKoK1FELgZqMAVxx/5cbj0kT+57qxUrAlIO2eleU=
github.com/gorilla/securecookie v1.1.1 h1:miw7JPhV+b/lAHSXz4qd/nN9jRiAFV5FwjeKyCS8BvQ=
github.com/gorilla/securecookie v1.1.1/go.mod h1:ra0sb63/xPlUeL+yeDciTfxMRAA+MP+HVt/4epWDjd4=
github.com/gorilla/sessions v1.1.3 h1:uXoZdcdA5XdXF3QzuSlheVRUvjl+1rKY7zBXL68L9RU=
github.com/gorilla/sessions v1.1.3/go.mod h1:8KCfur6+4Mqcc6S0FEfKuN15Vl5MgXW92AE8ovaJD0w=
github.com/huichen/sego v0.0.0-20180617034105-3f3c8a8cfacc h1:3LXYtoxQGFSjIL5ZJAn4PceSpwRohuTKYL1W4kJ7G8g=
github.com/huichen/sego v0.0.0-20180617034105-3f3c8a8cfacc/go.mod h1:+/Bm7uk1bnJJMi9l6P88FgHeGtscOQiYbxW1j+BmgBY=
github.com/jackc/fake v0.0.0-20150926172116-812a484cc733/go.mod h1:WrMFNQdiFJ80sQsxDoMokWK1W5TQtxBFNpzWTD84ibQ=
github.com/jackc/pgx v3.2.0+incompatible/go.mod h1:0ZGrqGqkRlliWnWB4zKnWtjbSWbGkVEFm4TeybAXq+I=
github.com/jaytaylor/html2text v0.0.0-20180606194806-57d518f124b0 h1:xqgexXAGQgY3HAjNPSaCqn5Aahbo5TKsmhp8VRfr1iQ=
github.com/jaytaylor/html2text v0.0.0-20180606194806-57d518f124b0/go.mod h1:CVKlgaMiht+LXvHG173ujK6JUhZXKb2u/BQtjPDIvyk=
github.com/jmcvetta/randutil v0.0.0-20150817122601-2bb1b664bcff h1:6NvhExg4omUC9NfA+l4Oq3ibNNeJUdiAF3iBVB0PlDk=
github.com/jmcvetta/randutil v0.0.0-20150817122601-2bb1b664bcff/go.mod h1:ddfPX8Z28YMjiqoaJhNBzWHapTHXejnB5cDCUWDwriw=
github.com/kr/pretty v0.1.0/go.mod h1:dAy3ld7l9f0ibDNOQOHHMYYIIbhfbHSm3C4ZsoJORNo=
github.com/kr/pty v1.1.1/go.mod h1:pFQYn66WHrOpPYNljwOMqo10TkYh1fy3cYio2l3bCsQ=
github.com/kr/text v0.1.0/go.mod h1:4Jbv+DJW3UT/LiOwJeYQe1efqtUx/iVham/4vfdArNI=
github.com/labstack/echo v2.0.0+incompatible h1:JtLdmPtaJQNlckAj3+v7HhuK2hH+cVsQq1G/dngDyiY=
github.com/labstack/echo v2.0.0+incompatible/go.mod h1:0INS7j/VjnFxD4E2wkz67b8cVwCLbBmJyDaka6Cmk1s=
github.com/labstack/echo v3.3.10+incompatible h1:pGRcYk231ExFAyoAjAfD85kQzRJCRI8bbnE7CX5OEgg=
github.com/labstack/echo v3.3.10+incompatible/go.mod h1:0INS7j/VjnFxD4E2wkz67b8cVwCLbBmJyDaka6Cmk1s=
github.com/labstack/gommon v0.0.4-0.20160608022355-741a209b277d h1:S82LAkBM3naERc+FDZWUVEmJx7xPD/v6pG7zMd2Ly7U=
github.com/labstack/gommon v0.0.4-0.20160608022355-741a209b277d/go.mod h1:/tj9csK2iPSBvn+3NLM9e52usepMtrd5ilFYA+wQNJ4=
github.com/labstack/gommon v0.2.8 h1:JvRqmeZcfrHC5u6uVleB4NxxNbzx6gpbJiQknDbKQu0=
github.com/labstack/gommon v0.2.8/go.mod h1:/tj9csK2iPSBvn+3NLM9e52usepMtrd5ilFYA+wQNJ4=
github.com/lib/pq v1.0.0/go.mod h1:5WUZQaWbwv1U+lTReE5YruASi9Al49XbQIvNi/34Woo=
github.com/lunny/html2md v0.0.0-20181018071239-7d234de44546 h1:hqxaQP14eTbeZGHZhsDInzj9sJAnEufjVQL4bEA/p+8=
github.com/lunny/html2md v0.0.0-20181018071239-7d234de44546/go.mod h1:lUUaVYlpAQ1Oo6vIZfec6CXQZjOvFZLyqaR8Dl7m+hk=
github.com/mattn/go-colorable v0.1.1 h1:G1f5SKeVxmagw/IyvzvtZE4Gybcc4Tr1tf7I8z0XgOg=
github.com/mattn/go-colorable v0.1.1/go.mod h1:FuOcm+DKB9mbwrcAfNl7/TZVBZ6rcnceauSikq3lYCQ=
github.com/mattn/go-isatty v0.0.5/go.mod h1:Iq45c/XA43vh69/j3iqttzPXn0bhXyGjM0Hdxcsrc5s=
github.com/mattn/go-isatty v0.0.7 h1:UvyT9uN+3r7yLEYSlJsbQGdsaB/a0DlgWP3pql6iwOc=
github.com/mattn/go-isatty v0.0.7/go.mod h1:Iq45c/XA43vh69/j3iqttzPXn0bhXyGjM0Hdxcsrc5s=
github.com/mattn/go-runewidth v0.0.4 h1:2BvfKmzob6Bmd4YsL0zygOqfdFnK7GR4QL06Do4/p7Y=
github.com/mattn/go-runewidth v0.0.4/go.mod h1:LwmH8dsx7+W8Uxz3IHJYH5QSwggIsqBzpuz5H//U1FU=
github.com/mattn/go-sqlite3 v1.9.0/go.mod h1:FPy6KqzDD04eiIsT53CuJW3U88zkxoIYsOqkbpncsNc=
github.com/mattn/go-sqlite3 v1.10.0/go.mod h1:FPy6KqzDD04eiIsT53CuJW3U88zkxoIYsOqkbpncsNc=
github.com/olekukonko/tablewriter v0.0.1 h1:b3iUnf1v+ppJiOfNX4yxxqfWKMQPZR5yoh8urCTFX88=
github.com/olekukonko/tablewriter v0.0.1/go.mod h1:vsDQFd/mU46D+Z4whnwzcISnGGzXWMclvtLoiIKAKIo=
github.com/pkg/errors v0.8.0/go.mod h1:bwawxfHBFNV+L2hUp1rHADufV3IMtnDRdf1r5NINEl0=
github.com/pmezard/go-difflib v1.0.0 h1:4DBwDE0NGyQoBHbLQYPwSUPoCMWR5BEzIk/f1lZbAQM=
github.com/pmezard/go-difflib v1.0.0/go.mod h1:iKH77koFhYxTK1pcRnkKkqfTogsbg7gZNVY4sRDYZ/4=
github.com/polaris1119/config v0.0.0-20160609095218-06a751e884f3 h1:ql/tT34m2dfi00D38NSRu6us2ykhsDtUsEEFNjEpjBo=
github.com/polaris1119/config v0.0.0-20160609095218-06a751e884f3/go.mod h1:up6EO6QVWJMpgNMhqqZx2ImgXyfH28qf84Jf66SIm88=
github.com/polaris1119/config v0.0.0-20160628025248-e4f8b7e9e2ef h1:Hswn/QnK+k/vx3Qw05tkRdHsBOKrnSHYGn5Tb2qDQgM=
github.com/polaris1119/config v0.0.0-20160628025248-e4f8b7e9e2ef/go.mod h1:up6EO6QVWJMpgNMhqqZx2ImgXyfH28qf84Jf66SIm88=
github.com/polaris1119/echoutils v0.0.0-20170312113056-5e14d4b37f74 h1:6O7gcATWcXALbDxg5TXjoGekgv+pJcUGck2qZV32i8g=
github.com/polaris1119/echoutils v0.0.0-20170312113056-5e14d4b37f74/go.mod h1:Yn1ruFUqLnCWCbj6KRNJJ25CJS9cwg11a7di+cxK1Uo=
github.com/polaris1119/email v0.0.0-20171030115359-9c57dd3e3e7d h1:5Tx8BuKqRGhit6t1VHqOLbSLhxTFZF6DypyyA7nn/lI=
github.com/polaris1119/email v0.0.0-20171030115359-9c57dd3e3e7d/go.mod h1:3S7Km+d2GftzOJJgrvIGHDtRxm5eUZamHaoUzLZNJX0=
github.com/polaris1119/goutils v0.0.0-20160602032428-582c98b3184b h1:THcO90yP3NaMbkQmcnKyu8wJBS1iSO3Z7eAo5axqVbA=
github.com/polaris1119/goutils v0.0.0-20160602032428-582c98b3184b/go.mod h1:yHb+G3YG7G0Hf0EIXCjbOe/Aus8TXZtYa/ZPEqyMxXU=
github.com/polaris1119/keyword v0.0.0-20170608075927-96ae6735f2f2 h1:63TyJE7nj3eUsJ/1jbzrnH8gxw1z3oV/su2RIyVHlRQ=
github.com/polaris1119/keyword v0.0.0-20170608075927-96ae6735f2f2/go.mod h1:YYx1sYXgS43cG1iH0cXYFcibESl8azhUrA6W10gYb9E=
github.com/polaris1119/logger v0.0.0-20170422061149-0233d014769e h1:HSeLmpKe7eny4fT5tdnYfQffWvx6aKCdzIcW/MZWt3I=
github.com/polaris1119/logger v0.0.0-20170422061149-0233d014769e/go.mod h1:7wFzOsSeMeuwhnZItJVfX1WClNpCyXuO0kj+ifdK+LQ=
github.com/polaris1119/nosql v0.0.0-20181019111233-3852ef28d084 h1:tgfnz7bUVQ0MtsvaT3R47E083V7FVP0GIDsmXhkTdD0=
github.com/polaris1119/nosql v0.0.0-20181019111233-3852ef28d084/go.mod h1:AQkEEdvgfOXmx5L7HLvGLZPWnbNa/EIOEpMhTTOor3g=
github.com/polaris1119/set v0.1.0 h1:Uol42yh0yIZMO/QMzrI4FtZj4U/R4uL41gK3MWrgebI=
github.com/polaris1119/set v0.1.0/go.mod h1:f3pW74DeWib9bLGgMImip5zikwTB5dQ53JVrmT3CYrQ=
github.com/polaris1119/set v0.1.1-0.20160423093427-654439414ced h1:5E6fZkU0PW8RIoOOOQq+NJ6ICZDtk/3mON49Ezl0raY=
github.com/polaris1119/set v0.1.1-0.20160423093427-654439414ced/go.mod h1:f3pW74DeWib9bLGgMImip5zikwTB5dQ53JVrmT3CYrQ=
github.com/polaris1119/slices v0.0.0-20160517071324-6ecacdb3cd38 h1:DUG5gZoTQGtKgQogadMFJ2hUCchqPBchezdHsgncEj4=
github.com/polaris1119/slices v0.0.0-20160517071324-6ecacdb3cd38/go.mod h1:ZHrklmzhHyC2VcV6ef41IXDRFKyUKe0XtTrYqbMe50Y=
github.com/polaris1119/times v0.0.0-20160420102536-14f7f3ba487e h1:t2A6UPUvJrNLdtIJAPFlCUkOAsqm7jYdGb1X82WAu/g=
github.com/polaris1119/times v0.0.0-20160420102536-14f7f3ba487e/go.mod h1:PDQN4aTOykiTCCVTRdP/Tvsjdv//fUdWP9yZ2J3Ejn8=
github.com/qiniu/api.v6 v6.0.9+incompatible h1:mG/jDC2GD9u2DqP1yIbX+USd3S60bQYSRh6Su6EbnsU=
github.com/qiniu/api.v6 v6.0.9+incompatible/go.mod h1:iJeMuW0i5a4O1SFx2LYtxY+9hkTfkYQJL8xTaGYGDA4=
github.com/qiniu/bytes v0.0.0-20140728010635-4887e7b2bde3 h1:PXNXOJs716xnMtH6kMkPlQfSG+x8m2Q31uTN+dQF10c=
github.com/qiniu/bytes v0.0.0-20140728010635-4887e7b2bde3/go.mod h1:5KFTwj5mNES3FmpAF+DEDuVolB/OVAUj3oNqPLriYbo=
github.com/qiniu/rpc v0.0.0-20140728010754-30c22466d920 h1:G6C/49DiPwATK+4oBi6OCf14WzCwNMTC1s5Udov4dwQ=
github.com/qiniu/rpc v0.0.0-20140728010754-30c22466d920/go.mod h1:vUC++Z6RsGp85+Oyiu1l5+mpao6xy/Vi1J/G1fKiwDk=
github.com/robfig/cron v1.1.0 h1:jk4/Hud3TTdcrJgUOBgsqrZBarcxl6ADIjSC2iniwLY=
github.com/robfig/cron v1.1.0/go.mod h1:JGuDeoQd7Z6yL4zQhZ3OPEVHB7fL6Ka6skscFHfmt2k=
github.com/satori/go.uuid v1.2.0/go.mod h1:dA0hQrYB0VpLJoorglMZABFdXlWrHn1NEOzdhQKdks0=
github.com/shopspring/decimal v0.0.0-20180709203117-cd690d0c9e24/go.mod h1:M+9NzErvs504Cn4c5DxATwIqPbtswREoFCre64PpcG4=
github.com/ssor/bom v0.0.0-20170718123548-6386211fdfcf h1:pvbZ0lM0XWPBqUKqFU8cmavspvIl9nulOYwdy6IFRRo=
github.com/ssor/bom v0.0.0-20170718123548-6386211fdfcf/go.mod h1:RJID2RhlZKId02nZ62WenDCkgHFerpIOmW0iT7GKmXM=
github.com/stretchr/testify v1.2.2 h1:bSDNvY7ZPG5RlJ8otE/7V6gMiyenm9RtJ7IUVIAoJ1w=
github.com/stretchr/testify v1.2.2/go.mod h1:a8OnRcib4nhh0OaRAV+Yts87kKdq0PP7pXfy6kDkUVs=
github.com/sundy-li/html2article v0.0.0-20170724020440-d0b6c083441f h1:zx8a5HQgs9SltyIFdhA+Y94Wgk9D5agl/UMN2+oHiKM=
github.com/sundy-li/html2article v0.0.0-20170724020440-d0b6c083441f/go.mod h1:qEPne4GSiuwCg1E5EuIjpk+O6ZAMwpDZnzqu1I5WEGU=
github.com/sundy-li/html2article v0.0.0-20180131134645-09ac198090c2 h1:oKj2rhPl8vQ6SThsvFSuMDEbWCqPyxy/CGCNupPWCfY=
github.com/sundy-li/html2article v0.0.0-20180131134645-09ac198090c2/go.mod h1:qEPne4GSiuwCg1E5EuIjpk+O6ZAMwpDZnzqu1I5WEGU=
github.com/tidwall/gjson v1.2.1 h1:j0efZLrZUvNerEf6xqoi0NjWMK5YlLrR7Guo/dxY174=
github.com/tidwall/gjson v1.2.1/go.mod h1:c/nTNbUr0E0OrXEhq1pwa8iEgc2DOt4ZZqAt1HtCkPA=
github.com/tidwall/match v1.0.1 h1:PnKP62LPNxHKTwvHHZZzdOAOCtsJTjo6dZLCwpKm5xc=
github.com/tidwall/match v1.0.1/go.mod h1:LujAq0jyVjBy028G1WhWfIzbpQfMO8bBZ6Tyb0+pL9E=
github.com/tidwall/pretty v0.0.0-20190325153808-1166b9ac2b65 h1:rQ229MBgvW68s1/g6f1/63TgYwYxfF4E+bi/KC19P8g=
github.com/tidwall/pretty v0.0.0-20190325153808-1166b9ac2b65/go.mod h1:XNkn88O1ChpSDQmQeStsy+sBenx6DDtFZJxhVysOjyk=
github.com/twinj/uuid v1.0.0 h1:fzz7COZnDrXGTAOHGuUGYd6sG+JMq+AoE7+Jlu0przk=
github.com/twinj/uuid v1.0.0/go.mod h1:mMgcE1RHFUFqe5AfiwlINXisXfDGro23fWdPUfOMjRY=
github.com/valyala/bytebufferpool v1.0.0 h1:GqA5TC/0021Y/b9FG4Oi9Mr3q7XYx6KllzawFIhcdPw=
github.com/valyala/bytebufferpool v1.0.0/go.mod h1:6bBcMArwyJ5K/AmCkWv1jt77kVWyCJ6HpOuEn7z0Csc=
github.com/valyala/fasttemplate v1.0.1 h1:tY9CJiPnMXf1ERmG2EyK7gNUd+c6RKGD0IfU8WdUSz8=
github.com/valyala/fasttemplate v1.0.1/go.mod h1:UQGH1tvbgY+Nz5t2n7tXsz52dQxojPUpymEIMZ47gx8=
github.com/ziutek/mymysql v1.5.4/go.mod h1:LMSpPZ6DbqWFxNCHW77HeMg9I646SAhApZ/wKdgO/C0=
golang.org/x/crypto v0.0.0-20190308221718-c2843e01d9a2/go.mod h1:djNgcEr1/C05ACkg1iLfiJU5Ep61QUkGW8qpdssI0+w=
golang.org/x/crypto v0.0.0-20190513172903-22d7a77e9e5f h1:R423Cnkcp5JABoeemiGEPlt9tHXFfw5kvc0yqlxRPWo=
golang.org/x/crypto v0.0.0-20190513172903-22d7a77e9e5f/go.mod h1:yigFU9vqHzYiE8UmvKecakEJjdnWj3jj499lnFckfCI=
golang.org/x/net v0.0.0-20180218175443-cbe0f9307d01/go.mod h1:mL1N/T3taQHkDXs73rZJwtUhF3w3ftmwwsq0BUmARs4=
golang.org/x/net v0.0.0-20180724234803-3673e40ba225/go.mod h1:mL1N/T3taQHkDXs73rZJwtUhF3w3ftmwwsq0BUmARs4=
golang.org/x/net v0.0.0-20181114220301-adae6a3d119a/go.mod h1:mL1N/T3taQHkDXs73rZJwtUhF3w3ftmwwsq0BUmARs4=
golang.org/x/net v0.0.0-20190108225652-1e06a53dbb7e/go.mod h1:mL1N/T3taQHkDXs73rZJwtUhF3w3ftmwwsq0BUmARs4=
golang.org/x/net v0.0.0-20190404232315-eb5bcb51f2a3 h1:0GoQqolDA55aaLxZyTzK/Y2ePZzZTUrRacwib7cNsYQ=
golang.org/x/net v0.0.0-20190404232315-eb5bcb51f2a3/go.mod h1:t9HGtf8HONx5eT2rtn7q6eTqICYqUVnKs3thJo3Qplg=
golang.org/x/oauth2 v0.0.0-20190402181905-9f3314589c9a h1:tImsplftrFpALCYumobsd0K86vlAs/eXGFms2txfJfA=
golang.org/x/oauth2 v0.0.0-20190402181905-9f3314589c9a/go.mod h1:gOpvHmFTYa4IltrdGE7lF6nIHvwfUNPOp7c8zoXwtLw=
golang.org/x/sync v0.0.0-20181221193216-37e7f081c4d4/go.mod h1:RxMgew5VJxzue5/jJTE5uejpjVlOe/izrB70Jof72aM=
golang.org/x/sys v0.0.0-20190215142949-d0b11bdaac8a/go.mod h1:STP8DvDyc/dI5b8T5hshtkjS+E42TnysNCUPdjciGhY=
golang.org/x/sys v0.0.0-20190222072716-a9d3bda3a223/go.mod h1:STP8DvDyc/dI5b8T5hshtkjS+E42TnysNCUPdjciGhY=
golang.org/x/sys v0.0.0-20190412213103-97732733099d/go.mod h1:h1NjWce9XRLGQEsW7wpKNCjG9DtNlClVuFLEZdDNbEs=
golang.org/x/text v0.3.0 h1:g61tztE5qeGQ89tm6NTjjM9VPIm088od1l6aSorWRWg=
golang.org/x/text v0.3.0/go.mod h1:NqM8EUOU14njkJ3fqMW+pc6Ldnwhi/IjpwHt7yyuwOQ=
google.golang.org/appengine v1.4.0/go.mod h1:xpcJRLb0r/rnEns0DIKYYv+WjYCduHsrkT7/EB5XEv4=
gopkg.in/check.v1 v1.0.0-20180628173108-788fd7840127/go.mod h1:Co6ibVJAznAaIkqp8huTwlJQCZ016jof/cbN4VW5Yz0=
gopkg.in/stretchr/testify.v1 v1.2.2/go.mod h1:QI5V/q6UbPmuhtm10CaFZxED9NreB8PnFYN9JcR6TxU=
